// !$*UTF8*$!
{
	archiveVersion = 1;
	classes = {
	};
	objectVersion = 50;
	objects = {

/* Begin PBXBuildFile section */
		6C349D0824C71F8500AF31EE /* SwiftUIMain.swift in Sources */ = {isa = PBXBuildFile; fileRef = 6C349D0724C71F8500AF31EE /* SwiftUIMain.swift */; };
		6C349D0A24C722C000AF31EE /* DataInteractive_Learn.swift in Sources */ = {isa = PBXBuildFile; fileRef = 6C349D0924C722C000AF31EE /* DataInteractive_Learn.swift */; };
		6C58A54C24C6219400F146D0 /* AppDelegate.swift in Sources */ = {isa = PBXBuildFile; fileRef = 6C58A54B24C6219400F146D0 /* AppDelegate.swift */; };
		6C58A54E24C6219400F146D0 /* SceneDelegate.swift in Sources */ = {isa = PBXBuildFile; fileRef = 6C58A54D24C6219400F146D0 /* SceneDelegate.swift */; };
		6C58A55024C6219400F146D0 /* ContentView.swift in Sources */ = {isa = PBXBuildFile; fileRef = 6C58A54F24C6219400F146D0 /* ContentView.swift */; };
		6C58A55224C6219500F146D0 /* Assets.xcassets in Resources */ = {isa = PBXBuildFile; fileRef = 6C58A55124C6219500F146D0 /* Assets.xcassets */; };
		6C58A55524C6219500F146D0 /* Preview Assets.xcassets in Resources */ = {isa = PBXBuildFile; fileRef = 6C58A55424C6219500F146D0 /* Preview Assets.xcassets */; };
		6C58A55824C6219500F146D0 /* LaunchScreen.storyboard in Resources */ = {isa = PBXBuildFile; fileRef = 6C58A55624C6219500F146D0 /* LaunchScreen.storyboard */; };
		6C58A56324C6219500F146D0 /* CultureAnimationTests.swift in Sources */ = {isa = PBXBuildFile; fileRef = 6C58A56224C6219500F146D0 /* CultureAnimationTests.swift */; };
		6C58A56E24C6219500F146D0 /* CultureAnimationUITests.swift in Sources */ = {isa = PBXBuildFile; fileRef = 6C58A56D24C6219500F146D0 /* CultureAnimationUITests.swift */; };
		6C73A80F24C8471900C6BE7E /* DataBase.swift in Sources */ = {isa = PBXBuildFile; fileRef = 6C73A80E24C8471900C6BE7E /* DataBase.swift */; };
		6C73A81124C87E1100C6BE7E /* PictureEditMain.swift in Sources */ = {isa = PBXBuildFile; fileRef = 6C73A81024C87E1100C6BE7E /* PictureEditMain.swift */; };
/* End PBXBuildFile section */

/* Begin PBXContainerItemProxy section */
		6C58A55F24C6219500F146D0 /* PBXContainerItemProxy */ = {
			isa = PBXContainerItemProxy;
			containerPortal = 6C58A54024C6219400F146D0 /* Project object */;
			proxyType = 1;
			remoteGlobalIDString = 6C58A54724C6219400F146D0;
			remoteInfo = CultureAnimation;
		};
		6C58A56A24C6219500F146D0 /* PBXContainerItemProxy */ = {
			isa = PBXContainerItemProxy;
			containerPortal = 6C58A54024C6219400F146D0 /* Project object */;
			proxyType = 1;
			remoteGlobalIDString = 6C58A54724C6219400F146D0;
			remoteInfo = CultureAnimation;
		};
/* End PBXContainerItemProxy section */

/* Begin PBXFileReference section */
		6C349D0724C71F8500AF31EE /* SwiftUIMain.swift */ = {isa = PBXFileReference; lastKnownFileType = sourcecode.swift; path = SwiftUIMain.swift; sourceTree = "<group>"; };
		6C349D0924C722C000AF31EE /* DataInteractive_Learn.swift */ = {isa = PBXFileReference; lastKnownFileType = sourcecode.swift; path = DataInteractive_Learn.swift; sourceTree = "<group>"; };
		6C58A54824C6219400F146D0 /* CultureAnimation.app */ = {isa = PBXFileReference; explicitFileType = wrapper.application; includeInIndex = 0; path = CultureAnimation.app; sourceTree = BUILT_PRODUCTS_DIR; };
		6C58A54B24C6219400F146D0 /* AppDelegate.swift */ = {isa = PBXFileReference; lastKnownFileType = sourcecode.swift; path = AppDelegate.swift; sourceTree = "<group>"; };
		6C58A54D24C6219400F146D0 /* SceneDelegate.swift */ = {isa = PBXFileReference; lastKnownFileType = sourcecode.swift; path = SceneDelegate.swift; sourceTree = "<group>"; };
		6C58A54F24C6219400F146D0 /* ContentView.swift */ = {isa = PBXFileReference; lastKnownFileType = sourcecode.swift; path = ContentView.swift; sourceTree = "<group>"; };
		6C58A55124C6219500F146D0 /* Assets.xcassets */ = {isa = PBXFileReference; lastKnownFileType = folder.assetcatalog; path = Assets.xcassets; sourceTree = "<group>"; };
		6C58A55424C6219500F146D0 /* Preview Assets.xcassets */ = {isa = PBXFileReference; lastKnownFileType = folder.assetcatalog; path = "Preview Assets.xcassets"; sourceTree = "<group>"; };
		6C58A55724C6219500F146D0 /* Base */ = {isa = PBXFileReference; lastKnownFileType = file.storyboard; name = Base; path = Base.lproj/LaunchScreen.storyboard; sourceTree = "<group>"; };
		6C58A55924C6219500F146D0 /* Info.plist */ = {isa = PBXFileReference; lastKnownFileType = text.plist.xml; path = Info.plist; sourceTree = "<group>"; };
		6C58A55E24C6219500F146D0 /* CultureAnimationTests.xctest */ = {isa = PBXFileReference; explicitFileType = wrapper.cfbundle; includeInIndex = 0; path = CultureAnimationTests.xctest; sourceTree = BUILT_PRODUCTS_DIR; };
		6C58A56224C6219500F146D0 /* CultureAnimationTests.swift */ = {isa = PBXFileReference; lastKnownFileType = sourcecode.swift; path = CultureAnimationTests.swift; sourceTree = "<group>"; };
		6C58A56424C6219500F146D0 /* Info.plist */ = {isa = PBXFileReference; lastKnownFileType = text.plist.xml; path = Info.plist; sourceTree = "<group>"; };
		6C58A56924C6219500F146D0 /* CultureAnimationUITests.xctest */ = {isa = PBXFileReference; explicitFileType = wrapper.cfbundle; includeInIndex = 0; path = CultureAnimationUITests.xctest; sourceTree = BUILT_PRODUCTS_DIR; };
		6C58A56D24C6219500F146D0 /* CultureAnimationUITests.swift */ = {isa = PBXFileReference; lastKnownFileType = sourcecode.swift; path = CultureAnimationUITests.swift; sourceTree = "<group>"; };
		6C58A56F24C6219500F146D0 /* Info.plist */ = {isa = PBXFileReference; lastKnownFileType = text.plist.xml; path = Info.plist; sourceTree = "<group>"; };
		6C73A80E24C8471900C6BE7E /* DataBase.swift */ = {isa = PBXFileReference; lastKnownFileType = sourcecode.swift; path = DataBase.swift; sourceTree = "<group>"; };
		6C73A81024C87E1100C6BE7E /* PictureEditMain.swift */ = {isa = PBXFileReference; lastKnownFileType = sourcecode.swift; path = PictureEditMain.swift; sourceTree = "<group>"; };
/* End PBXFileReference section */

/* Begin PBXFrameworksBuildPhase section */
		6C58A54524C6219400F146D0 /* Frameworks */ = {
			isa = PBXFrameworksBuildPhase;
			buildActionMask = 2147483647;
			files = (
			);
			runOnlyForDeploymentPostprocessing = 0;
		};
		6C58A55B24C6219500F146D0 /* Frameworks */ = {
			isa = PBXFrameworksBuildPhase;
			buildActionMask = 2147483647;
			files = (
			);
			runOnlyForDeploymentPostprocessing = 0;
		};
		6C58A56624C6219500F146D0 /* Frameworks */ = {
			isa = PBXFrameworksBuildPhase;
			buildActionMask = 2147483647;
			files = (
			);
			runOnlyForDeploymentPostprocessing = 0;
		};
/* End PBXFrameworksBuildPhase section */

/* Begin PBXGroup section */
		6C58A53F24C6219400F146D0 = {
			isa = PBXGroup;
			children = (
				6C58A54A24C6219400F146D0 /* CultureAnimation */,
				6C58A56124C6219500F146D0 /* CultureAnimationTests */,
				6C58A56C24C6219500F146D0 /* CultureAnimationUITests */,
				6C58A54924C6219400F146D0 /* Products */,
			);
			sourceTree = "<group>";
		};
		6C58A54924C6219400F146D0 /* Products */ = {
			isa = PBXGroup;
			children = (
				6C58A54824C6219400F146D0 /* CultureAnimation.app */,
				6C58A55E24C6219500F146D0 /* CultureAnimationTests.xctest */,
				6C58A56924C6219500F146D0 /* CultureAnimationUITests.xctest */,
			);
			name = Products;
			sourceTree = "<group>";
		};
		6C58A54A24C6219400F146D0 /* CultureAnimation */ = {
			isa = PBXGroup;
			children = (
				6C58A54B24C6219400F146D0 /* AppDelegate.swift */,
				6C58A54D24C6219400F146D0 /* SceneDelegate.swift */,
				6C58A54F24C6219400F146D0 /* ContentView.swift */,
				6C73A81024C87E1100C6BE7E /* PictureEditMain.swift */,
				6C349D0924C722C000AF31EE /* DataInteractive_Learn.swift */,
				6C73A80E24C8471900C6BE7E /* DataBase.swift */,
				6C349D0724C71F8500AF31EE /* SwiftUIMain.swift */,
				6C58A55124C6219500F146D0 /* Assets.xcassets */,
				6C58A55624C6219500F146D0 /* LaunchScreen.storyboard */,
				6C58A55924C6219500F146D0 /* Info.plist */,
				6C58A55324C6219500F146D0 /* Preview Content */,
			);
			path = CultureAnimation;
			sourceTree = "<group>";
		};
		6C58A55324C6219500F146D0 /* Preview Content */ = {
			isa = PBXGroup;
			children = (
				6C58A55424C6219500F146D0 /* Preview Assets.xcassets */,
			);
			path = "Preview Content";
			sourceTree = "<group>";
		};
		6C58A56124C6219500F146D0 /* CultureAnimationTests */ = {
			isa = PBXGroup;
			children = (
				6C58A56224C6219500F146D0 /* CultureAnimationTests.swift */,
				6C58A56424C6219500F146D0 /* Info.plist */,
			);
			path = CultureAnimationTests;
			sourceTree = "<group>";
		};
		6C58A56C24C6219500F146D0 /* CultureAnimationUITests */ = {
			isa = PBXGroup;
			children = (
				6C58A56D24C6219500F146D0 /* CultureAnimationUITests.swift */,
				6C58A56F24C6219500F146D0 /* Info.plist */,
			);
			path = CultureAnimationUITests;
			sourceTree = "<group>";
		};
/* End PBXGroup section */

/* Begin PBXNativeTarget section */
		6C58A54724C6219400F146D0 /* CultureAnimation */ = {
			isa = PBXNativeTarget;
			buildConfigurationList = 6C58A57224C6219500F146D0 /* Build configuration list for PBXNativeTarget "CultureAnimation" */;
			buildPhases = (
				6C58A54424C6219400F146D0 /* Sources */,
				6C58A54524C6219400F146D0 /* Frameworks */,
				6C58A54624C6219400F146D0 /* Resources */,
			);
			buildRules = (
			);
			dependencies = (
			);
			name = CultureAnimation;
			productName = CultureAnimation;
			productReference = 6C58A54824C6219400F146D0 /* CultureAnimation.app */;
			productType = "com.apple.product-type.application";
		};
		6C58A55D24C6219500F146D0 /* CultureAnimationTests */ = {
			isa = PBXNativeTarget;
			buildConfigurationList = 6C58A57524C6219500F146D0 /* Build configuration list for PBXNativeTarget "CultureAnimationTests" */;
			buildPhases = (
				6C58A55A24C6219500F146D0 /* Sources */,
				6C58A55B24C6219500F146D0 /* Frameworks */,
				6C58A55C24C6219500F146D0 /* Resources */,
			);
			buildRules = (
			);
			dependencies = (
				6C58A56024C6219500F146D0 /* PBXTargetDependency */,
			);
			name = CultureAnimationTests;
			productName = CultureAnimationTests;
			productReference = 6C58A55E24C6219500F146D0 /* CultureAnimationTests.xctest */;
			productType = "com.apple.product-type.bundle.unit-test";
		};
		6C58A56824C6219500F146D0 /* CultureAnimationUITests */ = {
			isa = PBXNativeTarget;
			buildConfigurationList = 6C58A57824C6219500F146D0 /* Build configuration list for PBXNativeTarget "CultureAnimationUITests" */;
			buildPhases = (
				6C58A56524C6219500F146D0 /* Sources */,
				6C58A56624C6219500F146D0 /* Frameworks */,
				6C58A56724C6219500F146D0 /* Resources */,
			);
			buildRules = (
			);
			dependencies = (
				6C58A56B24C6219500F146D0 /* PBXTargetDependency */,
			);
			name = CultureAnimationUITests;
			productName = CultureAnimationUITests;
			productReference = 6C58A56924C6219500F146D0 /* CultureAnimationUITests.xctest */;
			productType = "com.apple.product-type.bundle.ui-testing";
		};
/* End PBXNativeTarget section */

/* Begin PBXProject section */
		6C58A54024C6219400F146D0 /* Project object */ = {
			isa = PBXProject;
			attributes = {
				LastSwiftUpdateCheck = 1160;
				LastUpgradeCheck = 1160;
				ORGANIZATIONNAME = "董玉博";
				TargetAttributes = {
					6C58A54724C6219400F146D0 = {
						CreatedOnToolsVersion = 11.6;
						LastSwiftMigration = 1160;
					};
					6C58A55D24C6219500F146D0 = {
						CreatedOnToolsVersion = 11.6;
						TestTargetID = 6C58A54724C6219400F146D0;
					};
					6C58A56824C6219500F146D0 = {
						CreatedOnToolsVersion = 11.6;
						TestTargetID = 6C58A54724C6219400F146D0;
					};
				};
			};
			buildConfigurationList = 6C58A54324C6219400F146D0 /* Build configuration list for PBXProject "CultureAnimation" */;
			compatibilityVersion = "Xcode 9.3";
			developmentRegion = en;
			hasScannedForEncodings = 0;
			knownRegions = (
				en,
				Base,
			);
			mainGroup = 6C58A53F24C6219400F146D0;
			productRefGroup = 6C58A54924C6219400F146D0 /* Products */;
			projectDirPath = "";
			projectRoot = "";
			targets = (
				6C58A54724C6219400F146D0 /* CultureAnimation */,
				6C58A55D24C6219500F146D0 /* CultureAnimationTests */,
				6C58A56824C6219500F146D0 /* CultureAnimationUITests */,
			);
		};
/* End PBXProject section */

/* Begin PBXResourcesBuildPhase section */
		6C58A54624C6219400F146D0 /* Resources */ = {
			isa = PBXResourcesBuildPhase;
			buildActionMask = 2147483647;
			files = (
				6C58A55824C6219500F146D0 /* LaunchScreen.storyboard in Resources */,
				6C58A55524C6219500F146D0 /* Preview Assets.xcassets in Resources */,
				6C58A55224C6219500F146D0 /* Assets.xcassets in Resources */,
			);
			runOnlyForDeploymentPostprocessing = 0;
		};
		6C58A55C24C6219500F146D0 /* Resources */ = {
			isa = PBXResourcesBuildPhase;
			buildActionMask = 2147483647;
			files = (
			);
			runOnlyForDeploymentPostprocessing = 0;
		};
		6C58A56724C6219500F146D0 /* Resources */ = {
			isa = PBXResourcesBuildPhase;
			buildActionMask = 2147483647;
			files = (
			);
			runOnlyForDeploymentPostprocessing = 0;
		};
/* End PBXResourcesBuildPhase section */

/* Begin PBXSourcesBuildPhase section */
		6C58A54424C6219400F146D0 /* Sources */ = {
			isa = PBXSourcesBuildPhase;
			buildActionMask = 2147483647;
			files = (
				6C349D0A24C722C000AF31EE /* DataInteractive_Learn.swift in Sources */,
				6C73A81124C87E1100C6BE7E /* PictureEditMain.swift in Sources */,
				6C349D0824C71F8500AF31EE /* SwiftUIMain.swift in Sources */,
				6C58A54C24C6219400F146D0 /* AppDelegate.swift in Sources */,
				6C58A54E24C6219400F146D0 /* SceneDelegate.swift in Sources */,
				6C73A80F24C8471900C6BE7E /* DataBase.swift in Sources */,
				6C58A55024C6219400F146D0 /* ContentView.swift in Sources */,
			);
			runOnlyForDeploymentPostprocessing = 0;
		};
		6C58A55A24C6219500F146D0 /* Sources */ = {
			isa = PBXSourcesBuildPhase;
			buildActionMask = 2147483647;
			files = (
				6C58A56324C6219500F146D0 /* CultureAnimationTests.swift in Sources */,
			);
			runOnlyForDeploymentPostprocessing = 0;
		};
		6C58A56524C6219500F146D0 /* Sources */ = {
			isa = PBXSourcesBuildPhase;
			buildActionMask = 2147483647;
			files = (
				6C58A56E24C6219500F146D0 /* CultureAnimationUITests.swift in Sources */,
			);
			runOnlyForDeploymentPostprocessing = 0;
		};
/* End PBXSourcesBuildPhase section */

/* Begin PBXTargetDependency section */
		6C58A56024C6219500F146D0 /* PBXTargetDependency */ = {
			isa = PBXTargetDependency;
			target = 6C58A54724C6219400F146D0 /* CultureAnimation */;
			targetProxy = 6C58A55F24C6219500F146D0 /* PBXContainerItemProxy */;
		};
		6C58A56B24C6219500F146D0 /* PBXTargetDependency */ = {
			isa = PBXTargetDependency;
			target = 6C58A54724C6219400F146D0 /* CultureAnimation */;
			targetProxy = 6C58A56A24C6219500F146D0 /* PBXContainerItemProxy */;
		};
/* End PBXTargetDependency section */

/* Begin PBXVariantGroup section */
		6C58A55624C6219500F146D0 /* LaunchScreen.storyboard */ = {
			isa = PBXVariantGroup;
			children = (
				6C58A55724C6219500F146D0 /* Base */,
			);
			name = LaunchScreen.storyboard;
			sourceTree = "<group>";
		};
/* End PBXVariantGroup section */

/* Begin XCBuildConfiguration section */
		6C58A57024C6219500F146D0 /* Debug */ = {
			isa = XCBuildConfiguration;
			buildSettings = {
				ALWAYS_SEARCH_USER_PATHS = NO;
				CLANG_ANALYZER_NONNULL = YES;
				CLANG_ANALYZER_NUMBER_OBJECT_CONVERSION = YES_AGGRESSIVE;
				CLANG_CXX_LANGUAGE_STANDARD = "gnu++14";
				CLANG_CXX_LIBRARY = "libc++";
				CLANG_ENABLE_MODULES = YES;
				CLANG_ENABLE_OBJC_ARC = YES;
				CLANG_ENABLE_OBJC_WEAK = YES;
				CLANG_WARN_BLOCK_CAPTURE_AUTORELEASING = YES;
				CLANG_WARN_BOOL_CONVERSION = YES;
				CLANG_WARN_COMMA = YES;
				CLANG_WARN_CONSTANT_CONVERSION = YES;
				CLANG_WARN_DEPRECATED_OBJC_IMPLEMENTATIONS = YES;
				CLANG_WARN_DIRECT_OBJC_ISA_USAGE = YES_ERROR;
				CLANG_WARN_DOCUMENTATION_COMMENTS = YES;
				CLANG_WARN_EMPTY_BODY = YES;
				CLANG_WARN_ENUM_CONVERSION = YES;
				CLANG_WARN_INFINITE_RECURSION = YES;
				CLANG_WARN_INT_CONVERSION = YES;
				CLANG_WARN_NON_LITERAL_NULL_CONVERSION = YES;
				CLANG_WARN_OBJC_IMPLICIT_RETAIN_SELF = YES;
				CLANG_WARN_OBJC_LITERAL_CONVERSION = YES;
				CLANG_WARN_OBJC_ROOT_CLASS = YES_ERROR;
				CLANG_WARN_RANGE_LOOP_ANALYSIS = YES;
				CLANG_WARN_STRICT_PROTOTYPES = YES;
				CLANG_WARN_SUSPICIOUS_MOVE = YES;
				CLANG_WARN_UNGUARDED_AVAILABILITY = YES_AGGRESSIVE;
				CLANG_WARN_UNREACHABLE_CODE = YES;
				CLANG_WARN__DUPLICATE_METHOD_MATCH = YES;
				COPY_PHASE_STRIP = NO;
				DEBUG_INFORMATION_FORMAT = dwarf;
				ENABLE_STRICT_OBJC_MSGSEND = YES;
				ENABLE_TESTABILITY = YES;
				GCC_C_LANGUAGE_STANDARD = gnu11;
				GCC_DYNAMIC_NO_PIC = NO;
				GCC_NO_COMMON_BLOCKS = YES;
				GCC_OPTIMIZATION_LEVEL = 0;
				GCC_PREPROCESSOR_DEFINITIONS = (
					"DEBUG=1",
					"$(inherited)",
				);
				GCC_WARN_64_TO_32_BIT_CONVERSION = YES;
				GCC_WARN_ABOUT_RETURN_TYPE = YES_ERROR;
				GCC_WARN_UNDECLARED_SELECTOR = YES;
				GCC_WARN_UNINITIALIZED_AUTOS = YES_AGGRESSIVE;
				GCC_WARN_UNUSED_FUNCTION = YES;
				GCC_WARN_UNUSED_VARIABLE = YES;
				IPHONEOS_DEPLOYMENT_TARGET = 13.6;
				MTL_ENABLE_DEBUG_INFO = INCLUDE_SOURCE;
				MTL_FAST_MATH = YES;
				ONLY_ACTIVE_ARCH = YES;
				SDKROOT = iphoneos;
				SWIFT_ACTIVE_COMPILATION_CONDITIONS = DEBUG;
				SWIFT_OPTIMIZATION_LEVEL = "-Onone";
			};
			name = Debug;
		};
		6C58A57124C6219500F146D0 /* Release */ = {
			isa = XCBuildConfiguration;
			buildSettings = {
				ALWAYS_SEARCH_USER_PATHS = NO;
				CLANG_ANALYZER_NONNULL = YES;
				CLANG_ANALYZER_NUMBER_OBJECT_CONVERSION = YES_AGGRESSIVE;
				CLANG_CXX_LANGUAGE_STANDARD = "gnu++14";
				CLANG_CXX_LIBRARY = "libc++";
				CLANG_ENABLE_MODULES = YES;
				CLANG_ENABLE_OBJC_ARC = YES;
				CLANG_ENABLE_OBJC_WEAK = YES;
				CLANG_WARN_BLOCK_CAPTURE_AUTORELEASING = YES;
				CLANG_WARN_BOOL_CONVERSION = YES;
				CLANG_WARN_COMMA = YES;
				CLANG_WARN_CONSTANT_CONVERSION = YES;
				CLANG_WARN_DEPRECATED_OBJC_IMPLEMENTATIONS = YES;
				CLANG_WARN_DIRECT_OBJC_ISA_USAGE = YES_ERROR;
				CLANG_WARN_DOCUMENTATION_COMMENTS = YES;
				CLANG_WARN_EMPTY_BODY = YES;
				CLANG_WARN_ENUM_CONVERSION = YES;
				CLANG_WARN_INFINITE_RECURSION = YES;
				CLANG_WARN_INT_CONVERSION = YES;
				CLANG_WARN_NON_LITERAL_NULL_CONVERSION = YES;
				CLANG_WARN_OBJC_IMPLICIT_RETAIN_SELF = YES;
				CLANG_WARN_OBJC_LITERAL_CONVERSION = YES;
				CLANG_WARN_OBJC_ROOT_CLASS = YES_ERROR;
				CLANG_WARN_RANGE_LOOP_ANALYSIS = YES;
				CLANG_WARN_STRICT_PROTOTYPES = YES;
				CLANG_WARN_SUSPICIOUS_MOVE = YES;
				CLANG_WARN_UNGUARDED_AVAILABILITY = YES_AGGRESSIVE;
				CLANG_WARN_UNREACHABLE_CODE = YES;
				CLANG_WARN__DUPLICATE_METHOD_MATCH = YES;
				COPY_PHASE_STRIP = NO;
				DEBUG_INFORMATION_FORMAT = "dwarf-with-dsym";
				ENABLE_NS_ASSERTIONS = NO;
				ENABLE_STRICT_OBJC_MSGSEND = YES;
				GCC_C_LANGUAGE_STANDARD = gnu11;
				GCC_NO_COMMON_BLOCKS = YES;
				GCC_OPTIMIZATION_LEVEL = s;
				GCC_WARN_64_TO_32_BIT_CONVERSION = YES;
				GCC_WARN_ABOUT_RETURN_TYPE = YES_ERROR;
				GCC_WARN_UNDECLARED_SELECTOR = YES;
				GCC_WARN_UNINITIALIZED_AUTOS = YES_AGGRESSIVE;
				GCC_WARN_UNUSED_FUNCTION = YES;
				GCC_WARN_UNUSED_VARIABLE = YES;
				IPHONEOS_DEPLOYMENT_TARGET = 13.6;
				MTL_ENABLE_DEBUG_INFO = NO;
				MTL_FAST_MATH = YES;
				SDKROOT = iphoneos;
				SWIFT_COMPILATION_MODE = wholemodule;
				SWIFT_OPTIMIZATION_LEVEL = "-Onone";
				VALIDATE_PRODUCT = YES;
			};
			name = Release;
		};
		6C58A57324C6219500F146D0 /* Debug */ = {
			isa = XCBuildConfiguration;
			buildSettings = {
				ASSETCATALOG_COMPILER_APPICON_NAME = AppIcon;
				CLANG_ENABLE_MODULES = YES;
				CODE_SIGN_STYLE = Automatic;
				DEVELOPMENT_ASSET_PATHS = "\"CultureAnimation/Preview Content\"";
				ENABLE_PREVIEWS = YES;
				GCC_OPTIMIZATION_LEVEL = 0;
				INFOPLIST_FILE = CultureAnimation/Info.plist;
				LD_RUNPATH_SEARCH_PATHS = (
					"$(inherited)",
					"@executable_path/Frameworks",
				);
				PRODUCT_BUNDLE_IDENTIFIER = dYb.CultureAnimation;
				PRODUCT_NAME = "$(TARGET_NAME)";
				SWIFT_OPTIMIZATION_LEVEL = "-Onone";
				SWIFT_VERSION = 5.0;
				TARGETED_DEVICE_FAMILY = "1,2";
			};
			name = Debug;
		};
		6C58A57424C6219500F146D0 /* Release */ = {
			isa = XCBuildConfiguration;
			buildSettings = {
				ASSETCATALOG_COMPILER_APPICON_NAME = AppIcon;
				CLANG_ENABLE_MODULES = YES;
				CODE_SIGN_STYLE = Automatic;
				DEVELOPMENT_ASSET_PATHS = "\"CultureAnimation/Preview Content\"";
				ENABLE_PREVIEWS = YES;
				GCC_OPTIMIZATION_LEVEL = s;
				INFOPLIST_FILE = CultureAnimation/Info.plist;
				LD_RUNPATH_SEARCH_PATHS = (
					"$(inherited)",
					"@executable_path/Frameworks",
				);
				PRODUCT_BUNDLE_IDENTIFIER = dYb.CultureAnimation;
				PRODUCT_NAME = "$(TARGET_NAME)";
				SWIFT_OPTIMIZATION_LEVEL = "-Onone";
				SWIFT_VERSION = 5.0;
				TARGETED_DEVICE_FAMILY = "1,2";
			};
			name = Release;
		};
		6C58A57624C6219500F146D0 /* Debug */ = {
			isa = XCBuildConfiguration;
			buildSettings = {
				ALWAYS_EMBED_SWIFT_STANDARD_LIBRARIES = YES;
				BUNDLE_LOADER = "$(TEST_HOST)";
				CODE_SIGN_STYLE = Automatic;
				INFOPLIST_FILE = CultureAnimationTests/Info.plist;
				IPHONEOS_DEPLOYMENT_TARGET = 13.6;
				LD_RUNPATH_SEARCH_PATHS = (
					"$(inherited)",
					"@executable_path/Frameworks",
					"@loader_path/Frameworks",
				);
				PRODUCT_BUNDLE_IDENTIFIER = dYb.CultureAnimationTests;
				PRODUCT_NAME = "$(TARGET_NAME)";
				SWIFT_DISABLE_SAFETY_CHECKS = NO;
				SWIFT_OPTIMIZATION_LEVEL = "-Onone";
				SWIFT_VERSION = 5.0;
				TARGETED_DEVICE_FAMILY = "1,2";
				TEST_HOST = "$(BUILT_PRODUCTS_DIR)/CultureAnimation.app/CultureAnimation";
			};
			name = Debug;
		};
		6C58A57724C6219500F146D0 /* Release */ = {
			isa = XCBuildConfiguration;
			buildSettings = {
				ALWAYS_EMBED_SWIFT_STANDARD_LIBRARIES = YES;
				BUNDLE_LOADER = "$(TEST_HOST)";
				CODE_SIGN_STYLE = Automatic;
				GCC_OPTIMIZATION_LEVEL = s;
				INFOPLIST_FILE = CultureAnimationTests/Info.plist;
				IPHONEOS_DEPLOYMENT_TARGET = 13.6;
				LD_RUNPATH_SEARCH_PATHS = (
					"$(inherited)",
					"@executable_path/Frameworks",
					"@loader_path/Frameworks",
				);
				PRODUCT_BUNDLE_IDENTIFIER = dYb.CultureAnimationTests;
				PRODUCT_NAME = "$(TARGET_NAME)";
				SWIFT_DISABLE_SAFETY_CHECKS = NO;
				SWIFT_OPTIMIZATION_LEVEL = "-Onone";
				SWIFT_VERSION = 5.0;
				TARGETED_DEVICE_FAMILY = "1,2";
				TEST_HOST = "$(BUILT_PRODUCTS_DIR)/CultureAnimation.app/CultureAnimation";
			};
			name = Release;
		};
		6C58A57924C6219500F146D0 /* Debug */ = {
			isa = XCBuildConfiguration;
			buildSettings = {
				ALWAYS_EMBED_SWIFT_STANDARD_LIBRARIES = YES;
				CODE_SIGN_STYLE = Automatic;
				INFOPLIST_FILE = CultureAnimationUITests/Info.plist;
				LD_RUNPATH_SEARCH_PATHS = (
					"$(inherited)",
					"@executable_path/Frameworks",
					"@loader_path/Frameworks",
				);
				PRODUCT_BUNDLE_IDENTIFIER = dYb.CultureAnimationUITests;
				PRODUCT_NAME = "$(TARGET_NAME)";
				SWIFT_VERSION = 5.0;
				TARGETED_DEVICE_FAMILY = "1,2";
				TEST_TARGET_NAME = CultureAnimation;
			};
			name = Debug;
		};
		6C58A57A24C6219500F146D0 /* Release */ = {
			isa = XCBuildConfiguration;
			buildSettings = {
				ALWAYS_EMBED_SWIFT_STANDARD_LIBRARIES = YES;
				CODE_SIGN_STYLE = Automatic;
				GCC_OPTIMIZATION_LEVEL = s;
				INFOPLIST_FILE = CultureAnimationUITests/Info.plist;
				LD_RUNPATH_SEARCH_PATHS = (
					"$(inherited)",
					"@executable_path/Frameworks",
					"@loader_path/Frameworks",
				);
				PRODUCT_BUNDLE_IDENTIFIER = dYb.CultureAnimationUITests;
				PRODUCT_NAME = "$(TARGET_NAME)";
				SWIFT_VERSION = 5.0;
				TARGETED_DEVICE_FAMILY = "1,2";
				TEST_TARGET_NAME = CultureAnimation;
			};
			name = Release;
		};
/* End XCBuildConfiguration section */

/* Begin XCConfigurationList section */
		6C58A54324C6219400F146D0 /* Build configuration list for PBXProject "CultureAnimation" */ = {
			isa = XCConfigurationList;
			buildConfigurations = (
				6C58A57024C6219500F146D0 /* Debug */,
				6C58A57124C6219500F146D0 /* Release */,
			);
			defaultConfigurationIsVisible = 0;
			defaultConfigurationName = Release;
		};
		6C58A57224C6219500F146D0 /* Build configuration list for PBXNativeTarget "CultureAnimation" */ = {
			isa = XCConfigurationList;
			buildConfigurations = (
				6C58A57324C6219500F146D0 /* Debug */,
				6C58A57424C6219500F146D0 /* Release */,
			);
			defaultConfigurationIsVisible = 0;
			defaultConfigurationName = Release;
		};
		6C58A57524C6219500F146D0 /* Build configuration list for PBXNativeTarget "CultureAnimationTests" */ = {
			isa = XCConfigurationList;
			buildConfigurations = (
				6C58A57624C6219500F146D0 /* Debug */,
				6C58A57724C6219500F146D0 /* Release */,
			);
			defaultConfigurationIsVisible = 0;
			defaultConfigurationName = Release;
		};
		6C58A57824C6219500F146D0 /* Build configuration list for PBXNativeTarget "CultureAnimationUITests" */ = {
			isa = XCConfigurationList;
			buildConfigurations = (
				6C58A57924C6219500F146D0 /* Debug */,
				6C58A57A24C6219500F146D0 /* Release */,
			);
			defaultConfigurationIsVisible = 0;
			defaultConfigurationName = Release;
		};
/* End XCConfigurationList section */
	};
	rootObject = 6C58A54024C6219400F146D0 /* Project object */;
}
